{
  "requires": true,
  "lockfileVersion": 1,
  "dependencies": {
    "jquery": {
      "version": "1.12.4",
      "resolved": "https://registry.npmjs.org/jquery/-/jquery-1.12.4.tgz",
      "integrity": "sha1-AeHfuikP5z3rp3zurLD5ui/sngw="
    },
    "mathquill": {
      "version": "0.10.1-a",
      "resolved": "https://registry.npmjs.org/mathquill/-/mathquill-0.10.1-a.tgz",
      "integrity": "sha1-vyylaQEAY6w0vNXVKa3Ag3zVPD8=",
      "requires": {
        "jquery": "^1.12.3"
      }
    }
  }
}
